
Microsoft Visual Studio Solution File, Format Version 12.00
# Visual Studio Version 17
VisualStudioVersion = 17.8.34330.188
MinimumVisualStudioVersion = 10.0.40219.1
Project("{9A19103F-16F7-4668-BE54-9A1E7A4F7556}") = "Domain", "src\Domain\Domain.csproj", "{50860405-6D0F-433D-8901-C63304DE24DD}"
EndProject
Project("{2150E333-8FDC-42A3-9474-1A3956D46DE8}") = "solutions items", "solutions items", "{FDFDE245-5C7F-4D5D-8362-8E499AE5DF17}"
EndProject
Project("{2150E333-8FDC-42A3-9474-1A3956D46DE8}") = "src", "src", "{5B19D469-F29C-4982-9950-9088E25D80B6}"
EndProject
Project("{2150E333-8FDC-42A3-9474-1A3956D46DE8}") = "Infrastructure", "Infrastructure", "{5BCF3B81-E83E-482A-A24A-B14762C320D6}"
EndProject
Project("{2150E333-8FDC-42A3-9474-1A3956D46DE8}") = "Services", "Services", "{11B6BC06-FADD-4E80-A0E4-DAD4C5DEBFD2}"
EndProject
Project("{2150E333-8FDC-42A3-9474-1A3956D46DE8}") = "tests", "tests", "{3E3EA214-3CE2-45DB-B476-9213F9739711}"
EndProject
Project("{9A19103F-16F7-4668-BE54-9A1E7A4F7556}") = "Application", "src\Application\Application.csproj", "{1B6A7E13-3FAD-4F5F-963B-3D612D07ED49}"
EndProject
Project("{9A19103F-16F7-4668-BE54-9A1E7A4F7556}") = "Infrastructure.SqlServer", "src\Infrastructure\Infrastructure.SqlServer\Infrastructure.SqlServer.csproj", "{223E08B7-EAF7-4A2E-8179-1169AEA72312}"
EndProject
Project("{2150E333-8FDC-42A3-9474-1A3956D46DE8}") = "Task.Api", "Task.Api", "{2E906B2E-CED7-4AD3-BE5D-042553A4E8A5}"
EndProject
Project("{2150E333-8FDC-42A3-9474-1A3956D46DE8}") = "src", "src", "{366C1F35-7A3E-4654-9A2B-37E543B98C01}"
EndProject
Project("{9A19103F-16F7-4668-BE54-9A1E7A4F7556}") = "WebApi", "src\Services\Task\src\WebApi.csproj", "{D8C48501-4092-40FE-BA04-EE04F0EE2EC9}"
EndProject
Project("{9A19103F-16F7-4668-BE54-9A1E7A4F7556}") = "Shared", "tests\Shared\Shared.csproj", "{203EC1B1-765A-4FF4-B883-694BEF8240C7}"
EndProject
Project("{9A19103F-16F7-4668-BE54-9A1E7A4F7556}") = "UnitTests", "tests\UnitTests\UnitTests.csproj", "{7A15664C-73DD-4DE3-8821-1EA144815090}"
EndProject
Global
	GlobalSection(SolutionConfigurationPlatforms) = preSolution
		Debug|Any CPU = Debug|Any CPU
		Release|Any CPU = Release|Any CPU
	EndGlobalSection
	GlobalSection(ProjectConfigurationPlatforms) = postSolution
		{50860405-6D0F-433D-8901-C63304DE24DD}.Debug|Any CPU.ActiveCfg = Debug|Any CPU
		{50860405-6D0F-433D-8901-C63304DE24DD}.Debug|Any CPU.Build.0 = Debug|Any CPU
		{50860405-6D0F-433D-8901-C63304DE24DD}.Release|Any CPU.ActiveCfg = Release|Any CPU
		{50860405-6D0F-433D-8901-C63304DE24DD}.Release|Any CPU.Build.0 = Release|Any CPU
		{1B6A7E13-3FAD-4F5F-963B-3D612D07ED49}.Debug|Any CPU.ActiveCfg = Debug|Any CPU
		{1B6A7E13-3FAD-4F5F-963B-3D612D07ED49}.Debug|Any CPU.Build.0 = Debug|Any CPU
		{1B6A7E13-3FAD-4F5F-963B-3D612D07ED49}.Release|Any CPU.ActiveCfg = Release|Any CPU
		{1B6A7E13-3FAD-4F5F-963B-3D612D07ED49}.Release|Any CPU.Build.0 = Release|Any CPU
		{223E08B7-EAF7-4A2E-8179-1169AEA72312}.Debug|Any CPU.ActiveCfg = Debug|Any CPU
		{223E08B7-EAF7-4A2E-8179-1169AEA72312}.Debug|Any CPU.Build.0 = Debug|Any CPU
		{223E08B7-EAF7-4A2E-8179-1169AEA72312}.Release|Any CPU.ActiveCfg = Release|Any CPU
		{223E08B7-EAF7-4A2E-8179-1169AEA72312}.Release|Any CPU.Build.0 = Release|Any CPU
		{D8C48501-4092-40FE-BA04-EE04F0EE2EC9}.Debug|Any CPU.ActiveCfg = Debug|Any CPU
		{D8C48501-4092-40FE-BA04-EE04F0EE2EC9}.Debug|Any CPU.Build.0 = Debug|Any CPU
		{D8C48501-4092-40FE-BA04-EE04F0EE2EC9}.Release|Any CPU.ActiveCfg = Release|Any CPU
		{D8C48501-4092-40FE-BA04-EE04F0EE2EC9}.Release|Any CPU.Build.0 = Release|Any CPU
		{203EC1B1-765A-4FF4-B883-694BEF8240C7}.Debug|Any CPU.ActiveCfg = Debug|Any CPU
		{203EC1B1-765A-4FF4-B883-694BEF8240C7}.Debug|Any CPU.Build.0 = Debug|Any CPU
		{203EC1B1-765A-4FF4-B883-694BEF8240C7}.Release|Any CPU.ActiveCfg = Release|Any CPU
		{203EC1B1-765A-4FF4-B883-694BEF8240C7}.Release|Any CPU.Build.0 = Release|Any CPU
		{7A15664C-73DD-4DE3-8821-1EA144815090}.Debug|Any CPU.ActiveCfg = Debug|Any CPU
		{7A15664C-73DD-4DE3-8821-1EA144815090}.Debug|Any CPU.Build.0 = Debug|Any CPU
		{7A15664C-73DD-4DE3-8821-1EA144815090}.Release|Any CPU.ActiveCfg = Release|Any CPU
		{7A15664C-73DD-4DE3-8821-1EA144815090}.Release|Any CPU.Build.0 = Release|Any CPU
	EndGlobalSection
	GlobalSection(SolutionProperties) = preSolution
		HideSolutionNode = FALSE
	EndGlobalSection
	GlobalSection(NestedProjects) = preSolution
		{50860405-6D0F-433D-8901-C63304DE24DD} = {5B19D469-F29C-4982-9950-9088E25D80B6}
		{5BCF3B81-E83E-482A-A24A-B14762C320D6} = {5B19D469-F29C-4982-9950-9088E25D80B6}
		{11B6BC06-FADD-4E80-A0E4-DAD4C5DEBFD2} = {5B19D469-F29C-4982-9950-9088E25D80B6}
		{1B6A7E13-3FAD-4F5F-963B-3D612D07ED49} = {5B19D469-F29C-4982-9950-9088E25D80B6}
		{223E08B7-EAF7-4A2E-8179-1169AEA72312} = {5BCF3B81-E83E-482A-A24A-B14762C320D6}
		{2E906B2E-CED7-4AD3-BE5D-042553A4E8A5} = {11B6BC06-FADD-4E80-A0E4-DAD4C5DEBFD2}
		{366C1F35-7A3E-4654-9A2B-37E543B98C01} = {2E906B2E-CED7-4AD3-BE5D-042553A4E8A5}
		{D8C48501-4092-40FE-BA04-EE04F0EE2EC9} = {366C1F35-7A3E-4654-9A2B-37E543B98C01}
		{203EC1B1-765A-4FF4-B883-694BEF8240C7} = {3E3EA214-3CE2-45DB-B476-9213F9739711}
		{7A15664C-73DD-4DE3-8821-1EA144815090} = {3E3EA214-3CE2-45DB-B476-9213F9739711}
	EndGlobalSection
	GlobalSection(ExtensibilityGlobals) = postSolution
		SolutionGuid = {4A76E7CC-802D-43DF-BD02-B483F438427E}
	EndGlobalSection
EndGlobal
